
Microsoft Visual Studio Solution File, Format Version 12.00
# Visual Studio 15
VisualStudioVersion = 15.0.27130.2020
MinimumVisualStudioVersion = 10.0.40219.1
Project("{FAE04EC0-301F-11D3-BF4B-00C04F79EFBC}") = "LoadCalculators", "LoadCalculators\LoadCalculators.csproj", "{B91E69B0-A683-4266-9A8A-0DF0C77F8A56}"
EndProject
Global
	GlobalSection(SolutionConfigurationPlatforms) = preSolution
		Debug|Any CPU = Debug|Any CPU
		Release|Any CPU = Release|Any CPU
	EndGlobalSection
	GlobalSection(ProjectConfigurationPlatforms) = postSolution
		{B91E69B0-A683-4266-9A8A-0DF0C77F8A56}.Debug|Any CPU.ActiveCfg = Debug|Any CPU
		{B91E69B0-A683-4266-9A8A-0DF0C77F8A56}.Debug|Any CPU.Build.0 = Debug|Any CPU
		{B91E69B0-A683-4266-9A8A-0DF0C77F8A56}.Release|Any CPU.ActiveCfg = Release|Any CPU
		{B91E69B0-A683-4266-9A8A-0DF0C77F8A56}.Release|Any CPU.Build.0 = Release|Any CPU
	EndGlobalSection
	GlobalSection(SolutionProperties) = preSolution
		HideSolutionNode = FALSE
	EndGlobalSection
	GlobalSection(ExtensibilityGlobals) = postSolution
		SolutionGuid = {DF03FC6D-C025-4FD7-904F-58930F266D8D}
	EndGlobalSection
EndGlobal
